
Microsoft Visual Studio Solution File, Format Version 12.00
# Visual Studio Version 17
VisualStudioVersion = 17.0.31903.59
MinimumVisualStudioVersion = 10.0.40219.1
Project("{FAE04EC0-301F-11D3-BF4B-00C04F79EFBC}") = "ExemploFundamentos", "ExemploFundamentos\ExemploFundamentos.csproj", "{7FB0A7C6-249D-4041-A925-1953134CF7D5}"
EndProject
Project("{FAE04EC0-301F-11D3-BF4B-00C04F79EFBC}") = "ExemploFundamentos.Common", "ExemploFundamentos.Common\ExemploFundamentos.Common.csproj", "{7B52DAC7-3C23-496A-85B0-76D1880E8057}"
EndProject
Global
	GlobalSection(SolutionConfigurationPlatforms) = preSolution
		Debug|Any CPU = Debug|Any CPU
		Release|Any CPU = Release|Any CPU
	EndGlobalSection
	GlobalSection(SolutionProperties) = preSolution
		HideSolutionNode = FALSE
	EndGlobalSection
	GlobalSection(ProjectConfigurationPlatforms) = postSolution
		{7FB0A7C6-249D-4041-A925-1953134CF7D5}.Debug|Any CPU.ActiveCfg = Debug|Any CPU
		{7FB0A7C6-249D-4041-A925-1953134CF7D5}.Debug|Any CPU.Build.0 = Debug|Any CPU
		{7FB0A7C6-249D-4041-A925-1953134CF7D5}.Release|Any CPU.ActiveCfg = Release|Any CPU
		{7FB0A7C6-249D-4041-A925-1953134CF7D5}.Release|Any CPU.Build.0 = Release|Any CPU
		{7B52DAC7-3C23-496A-85B0-76D1880E8057}.Debug|Any CPU.ActiveCfg = Debug|Any CPU
		{7B52DAC7-3C23-496A-85B0-76D1880E8057}.Debug|Any CPU.Build.0 = Debug|Any CPU
		{7B52DAC7-3C23-496A-85B0-76D1880E8057}.Release|Any CPU.ActiveCfg = Release|Any CPU
		{7B52DAC7-3C23-496A-85B0-76D1880E8057}.Release|Any CPU.Build.0 = Release|Any CPU
	EndGlobalSection
EndGlobal
